
Microsoft Visual Studio Solution File, Format Version 12.00
# Visual Studio 15
VisualStudioVersion = 15.0.27703.2042
MinimumVisualStudioVersion = 10.0.40219.1
Project("{FAE04EC0-301F-11D3-BF4B-00C04F79EFBC}") = "PrismTest", "PrismTest\PrismTest.csproj", "{CE35F5E5-C0B4-4942-9BF0-1F6DAC477EAC}"
EndProject
Global
	GlobalSection(SolutionConfigurationPlatforms) = preSolution
		Debug|Any CPU = Debug|Any CPU
		Release|Any CPU = Release|Any CPU
	EndGlobalSection
	GlobalSection(ProjectConfigurationPlatforms) = postSolution
		{CE35F5E5-C0B4-4942-9BF0-1F6DAC477EAC}.Debug|Any CPU.ActiveCfg = Debug|Any CPU
		{CE35F5E5-C0B4-4942-9BF0-1F6DAC477EAC}.Debug|Any CPU.Build.0 = Debug|Any CPU
		{CE35F5E5-C0B4-4942-9BF0-1F6DAC477EAC}.Release|Any CPU.ActiveCfg = Release|Any CPU
		{CE35F5E5-C0B4-4942-9BF0-1F6DAC477EAC}.Release|Any CPU.Build.0 = Release|Any CPU
	EndGlobalSection
	GlobalSection(SolutionProperties) = preSolution
		HideSolutionNode = FALSE
	EndGlobalSection
	GlobalSection(ExtensibilityGlobals) = postSolution
		SolutionGuid = {E7DF563D-B9C0-4ABB-8EBA-7B0B5A0B1D3B}
	EndGlobalSection
EndGlobal
